// !$*UTF8*$!
{
	archiveVersion = 1;
	classes = {
	};
	objectVersion = 48;
	objects = {

/* Begin PBXBuildFile section */
		C4B7ADD9203E25D900EF667C /* AppDelegate.swift in Sources */ = {isa = PBXBuildFile; fileRef = C4B7ADD8203E25D900EF667C /* AppDelegate.swift */; };
		C4B7ADDE203E25DA00EF667C /* Main.storyboard in Resources */ = {isa = PBXBuildFile; fileRef = C4B7ADDC203E25DA00EF667C /* Main.storyboard */; };
		C4B7ADE0203E25DA00EF667C /* Assets.xcassets in Resources */ = {isa = PBXBuildFile; fileRef = C4B7ADDF203E25DA00EF667C /* Assets.xcassets */; };
		C4B7ADE3203E25DA00EF667C /* LaunchScreen.storyboard in Resources */ = {isa = PBXBuildFile; fileRef = C4B7ADE1203E25DA00EF667C /* LaunchScreen.storyboard */; };
		C4B7ADEB203E2DE800EF667C /* PhotoViewController.swift in Sources */ = {isa = PBXBuildFile; fileRef = C4B7ADEA203E2DE800EF667C /* PhotoViewController.swift */; };
		C4B7ADEF203E355700EF667C /* ImageDetailViewController.swift in Sources */ = {isa = PBXBuildFile; fileRef = C4B7ADEE203E355700EF667C /* ImageDetailViewController.swift */; };
		C4B7ADF1203E467B00EF667C /* PhotoCell.swift in Sources */ = {isa = PBXBuildFile; fileRef = C4B7ADF0203E467B00EF667C /* PhotoCell.swift */; };
		C4B7ADF3203E603000EF667C /* SharedNetworking.swift in Sources */ = {isa = PBXBuildFile; fileRef = C4B7ADF2203E603000EF667C /* SharedNetworking.swift */; };
/* End PBXBuildFile section */

/* Begin PBXFileReference section */
		C4B7ADD5203E25D900EF667C /* PhotoPhabulous.app */ = {isa = PBXFileReference; explicitFileType = wrapper.application; includeInIndex = 0; path = PhotoPhabulous.app; sourceTree = BUILT_PRODUCTS_DIR; };
		C4B7ADD8203E25D900EF667C /* AppDelegate.swift */ = {isa = PBXFileReference; lastKnownFileType = sourcecode.swift; path = AppDelegate.swift; sourceTree = "<group>"; };
		C4B7ADDD203E25DA00EF667C /* Base */ = {isa = PBXFileReference; lastKnownFileType = file.storyboard; name = Base; path = Base.lproj/Main.storyboard; sourceTree = "<group>"; };
		C4B7ADDF203E25DA00EF667C /* Assets.xcassets */ = {isa = PBXFileReference; lastKnownFileType = folder.assetcatalog; path = Assets.xcassets; sourceTree = "<group>"; };
		C4B7ADE2203E25DA00EF667C /* Base */ = {isa = PBXFileReference; lastKnownFileType = file.storyboard; name = Base; path = Base.lproj/LaunchScreen.storyboard; sourceTree = "<group>"; };
		C4B7ADE4203E25DA00EF667C /* Info.plist */ = {isa = PBXFileReference; lastKnownFileType = text.plist.xml; path = Info.plist; sourceTree = "<group>"; };
		C4B7ADEA203E2DE800EF667C /* PhotoViewController.swift */ = {isa = PBXFileReference; lastKnownFileType = sourcecode.swift; path = PhotoViewController.swift; sourceTree = "<group>"; };
		C4B7ADEE203E355700EF667C /* ImageDetailViewController.swift */ = {isa = PBXFileReference; lastKnownFileType = sourcecode.swift; path = ImageDetailViewController.swift; sourceTree = "<group>"; };
		C4B7ADF0203E467B00EF667C /* PhotoCell.swift */ = {isa = PBXFileReference; lastKnownFileType = sourcecode.swift; path = PhotoCell.swift; sourceTree = "<group>"; };
		C4B7ADF2203E603000EF667C /* SharedNetworking.swift */ = {isa = PBXFileReference; lastKnownFileType = sourcecode.swift; path = SharedNetworking.swift; sourceTree = "<group>"; };
/* End PBXFileReference section */

/* Begin PBXFrameworksBuildPhase section */
		C4B7ADD2203E25D900EF667C /* Frameworks */ = {
			isa = PBXFrameworksBuildPhase;
			buildActionMask = 2147483647;
			files = (
			);
			runOnlyForDeploymentPostprocessing = 0;
		};
/* End PBXFrameworksBuildPhase section */

/* Begin PBXGroup section */
		C4B7ADCC203E25D900EF667C = {
			isa = PBXGroup;
			children = (
				C4B7ADD7203E25D900EF667C /* PhotoPhabulous */,
				C4B7ADD6203E25D900EF667C /* Products */,
			);
			sourceTree = "<group>";
		};
		C4B7ADD6203E25D900EF667C /* Products */ = {
			isa = PBXGroup;
			children = (
				C4B7ADD5203E25D900EF667C /* PhotoPhabulous.app */,
			);
			name = Products;
			sourceTree = "<group>";
		};
		C4B7ADD7203E25D900EF667C /* PhotoPhabulous */ = {
			isa = PBXGroup;
			children = (
				C4B7ADD8203E25D900EF667C /* AppDelegate.swift */,
				C4B7ADDC203E25DA00EF667C /* Main.storyboard */,
				C4B7ADF2203E603000EF667C /* SharedNetworking.swift */,
				C4B7ADF0203E467B00EF667C /* PhotoCell.swift */,
				C4B7ADEA203E2DE800EF667C /* PhotoViewController.swift */,
				C4B7ADEE203E355700EF667C /* ImageDetailViewController.swift */,
				C4B7ADDF203E25DA00EF667C /* Assets.xcassets */,
				C4B7ADE1203E25DA00EF667C /* LaunchScreen.storyboard */,
				C4B7ADE4203E25DA00EF667C /* Info.plist */,
			);
			path = PhotoPhabulous;
			sourceTree = "<group>";
		};
/* End PBXGroup section */

/* Begin PBXNativeTarget section */
		C4B7ADD4203E25D900EF667C /* PhotoPhabulous */ = {
			isa = PBXNativeTarget;
			buildConfigurationList = C4B7ADE7203E25DA00EF667C /* Build configuration list for PBXNativeTarget "PhotoPhabulous" */;
			buildPhases = (
				C4B7ADD1203E25D900EF667C /* Sources */,
				C4B7ADD2203E25D900EF667C /* Frameworks */,
				C4B7ADD3203E25D900EF667C /* Resources */,
			);
			buildRules = (
			);
			dependencies = (
			);
			name = PhotoPhabulous;
			productName = PhotoPhabulous;
			productReference = C4B7ADD5203E25D900EF667C /* PhotoPhabulous.app */;
			productType = "com.apple.product-type.application";
		};
/* End PBXNativeTarget section */

/* Begin PBXProject section */
		C4B7ADCD203E25D900EF667C /* Project object */ = {
			isa = PBXProject;
			attributes = {
				LastSwiftUpdateCheck = 0920;
				LastUpgradeCheck = 0920;
				ORGANIZATIONNAME = " jerry";
				TargetAttributes = {
					C4B7ADD4203E25D900EF667C = {
						CreatedOnToolsVersion = 9.2;
						ProvisioningStyle = Automatic;
					};
				};
			};
			buildConfigurationList = C4B7ADD0203E25D900EF667C /* Build configuration list for PBXProject "PhotoPhabulous" */;
			compatibilityVersion = "Xcode 8.0";
			developmentRegion = en;
			hasScannedForEncodings = 0;
			knownRegions = (
				en,
				Base,
			);
			mainGroup = C4B7ADCC203E25D900EF667C;
			productRefGroup = C4B7ADD6203E25D900EF667C /* Products */;
			projectDirPath = "";
			projectRoot = "";
			targets = (
				C4B7ADD4203E25D900EF667C /* PhotoPhabulous */,
			);
		};
/* End PBXProject section */

/* Begin PBXResourcesBuildPhase section */
		C4B7ADD3203E25D900EF667C /* Resources */ = {
			isa = PBXResourcesBuildPhase;
			buildActionMask = 2147483647;
			files = (
				C4B7ADE3203E25DA00EF667C /* LaunchScreen.storyboard in Resources */,
				C4B7ADE0203E25DA00EF667C /* Assets.xcassets in Resources */,
				C4B7ADDE203E25DA00EF667C /* Main.storyboard in Resources */,
			);
			runOnlyForDeploymentPostprocessing = 0;
		};
/* End PBXResourcesBuildPhase section */

/* Begin PBXSourcesBuildPhase section */
		C4B7ADD1203E25D900EF667C /* Sources */ = {
			isa = PBXSourcesBuildPhase;
			buildActionMask = 2147483647;
			files = (
				C4B7ADF1203E467B00EF667C /* PhotoCell.swift in Sources */,
				C4B7ADD9203E25D900EF667C /* AppDelegate.swift in Sources */,
				C4B7ADEF203E355700EF667C /* ImageDetailViewController.swift in Sources */,
				C4B7ADEB203E2DE800EF667C /* PhotoViewController.swift in Sources */,
				C4B7ADF3203E603000EF667C /* SharedNetworking.swift in Sources */,
			);
			runOnlyForDeploymentPostprocessing = 0;
		};
/* End PBXSourcesBuildPhase section */

/* Begin PBXVariantGroup section */
		C4B7ADDC203E25DA00EF667C /* Main.storyboard */ = {
			isa = PBXVariantGroup;
			children = (
				C4B7ADDD203E25DA00EF667C /* Base */,
			);
			name = Main.storyboard;
			sourceTree = "<group>";
		};
		C4B7ADE1203E25DA00EF667C /* LaunchScreen.storyboard */ = {
			isa = PBXVariantGroup;
			children = (
				C4B7ADE2203E25DA00EF667C /* Base */,
			);
			name = LaunchScreen.storyboard;
			sourceTree = "<group>";
		};
/* End PBXVariantGroup section */

/* Begin XCBuildConfiguration section */
		C4B7ADE5203E25DA00EF667C /* Debug */ = {
			isa = XCBuildConfiguration;
			buildSettings = {
				ALWAYS_SEARCH_USER_PATHS = NO;
				CLANG_ANALYZER_NONNULL = YES;
				CLANG_ANALYZER_NUMBER_OBJECT_CONVERSION = YES_AGGRESSIVE;
				CLANG_CXX_LANGUAGE_STANDARD = "gnu++14";
				CLANG_CXX_LIBRARY = "libc++";
				CLANG_ENABLE_MODULES = YES;
				CLANG_ENABLE_OBJC_ARC = YES;
				CLANG_WARN_BLOCK_CAPTURE_AUTORELEASING = YES;
				CLANG_WARN_BOOL_CONVERSION = YES;
				CLANG_WARN_COMMA = YES;
				CLANG_WARN_CONSTANT_CONVERSION = YES;
				CLANG_WARN_DIRECT_OBJC_ISA_USAGE = YES_ERROR;
				CLANG_WARN_DOCUMENTATION_COMMENTS = YES;
				CLANG_WARN_EMPTY_BODY = YES;
				CLANG_WARN_ENUM_CONVERSION = YES;
				CLANG_WARN_INFINITE_RECURSION = YES;
				CLANG_WARN_INT_CONVERSION = YES;
				CLANG_WARN_NON_LITERAL_NULL_CONVERSION = YES;
				CLANG_WARN_OBJC_LITERAL_CONVERSION = YES;
				CLANG_WARN_OBJC_ROOT_CLASS = YES_ERROR;
				CLANG_WARN_RANGE_LOOP_ANALYSIS = YES;
				CLANG_WARN_STRICT_PROTOTYPES = YES;
				CLANG_WARN_SUSPICIOUS_MOVE = YES;
				CLANG_WARN_UNGUARDED_AVAILABILITY = YES_AGGRESSIVE;
				CLANG_WARN_UNREACHABLE_CODE = YES;
				CLANG_WARN__DUPLICATE_METHOD_MATCH = YES;
				CODE_SIGN_IDENTITY = "iPhone Developer";
				COPY_PHASE_STRIP = NO;
				DEBUG_INFORMATION_FORMAT = dwarf;
				ENABLE_STRICT_OBJC_MSGSEND = YES;
				ENABLE_TESTABILITY = YES;
				GCC_C_LANGUAGE_STANDARD = gnu11;
				GCC_DYNAMIC_NO_PIC = NO;
				GCC_NO_COMMON_BLOCKS = YES;
				GCC_OPTIMIZATION_LEVEL = 0;
				GCC_PREPROCESSOR_DEFINITIONS = (
					"DEBUG=1",
					"$(inherited)",
				);
				GCC_WARN_64_TO_32_BIT_CONVERSION = YES;
				GCC_WARN_ABOUT_RETURN_TYPE = YES_ERROR;
				GCC_WARN_UNDECLARED_SELECTOR = YES;
				GCC_WARN_UNINITIALIZED_AUTOS = YES_AGGRESSIVE;
				GCC_WARN_UNUSED_FUNCTION = YES;
				GCC_WARN_UNUSED_VARIABLE = YES;
				IPHONEOS_DEPLOYMENT_TARGET = 11.2;
				MTL_ENABLE_DEBUG_INFO = YES;
				ONLY_ACTIVE_ARCH = YES;
				SDKROOT = iphoneos;
				SWIFT_ACTIVE_COMPILATION_CONDITIONS = DEBUG;
				SWIFT_OPTIMIZATION_LEVEL = "-Onone";
			};
			name = Debug;
		};
		C4B7ADE6203E25DA00EF667C /* Release */ = {
			isa = XCBuildConfiguration;
			buildSettings = {
				ALWAYS_SEARCH_USER_PATHS = NO;
				CLANG_ANALYZER_NONNULL = YES;
				CLANG_ANALYZER_NUMBER_OBJECT_CONVERSION = YES_AGGRESSIVE;
				CLANG_CXX_LANGUAGE_STANDARD = "gnu++14";
				CLANG_CXX_LIBRARY = "libc++";
				CLANG_ENABLE_MODULES = YES;
				CLANG_ENABLE_OBJC_ARC = YES;
				CLANG_WARN_BLOCK_CAPTURE_AUTORELEASING = YES;
				CLANG_WARN_BOOL_CONVERSION = YES;
				CLANG_WARN_COMMA = YES;
				CLANG_WARN_CONSTANT_CONVERSION = YES;
				CLANG_WARN_DIRECT_OBJC_ISA_USAGE = YES_ERROR;
				CLANG_WARN_DOCUMENTATION_COMMENTS = YES;
				CLANG_WARN_EMPTY_BODY = YES;
				CLANG_WARN_ENUM_CONVERSION = YES;
				CLANG_WARN_INFINITE_RECURSION = YES;
				CLANG_WARN_INT_CONVERSION = YES;
				CLANG_WARN_NON_LITERAL_NULL_CONVERSION = YES;
				CLANG_WARN_OBJC_LITERAL_CONVERSION = YES;
				CLANG_WARN_OBJC_ROOT_CLASS = YES_ERROR;
				CLANG_WARN_RANGE_LOOP_ANALYSIS = YES;
				CLANG_WARN_STRICT_PROTOTYPES = YES;
				CLANG_WARN_SUSPICIOUS_MOVE = YES;
				CLANG_WARN_UNGUARDED_AVAILABILITY = YES_AGGRESSIVE;
				CLANG_WARN_UNREACHABLE_CODE = YES;
				CLANG_WARN__DUPLICATE_METHOD_MATCH = YES;
				CODE_SIGN_IDENTITY = "iPhone Developer";
				COPY_PHASE_STRIP = NO;
				DEBUG_INFORMATION_FORMAT = "dwarf-with-dsym";
				ENABLE_NS_ASSERTIONS = NO;
				ENABLE_STRICT_OBJC_MSGSEND = YES;
				GCC_C_LANGUAGE_STANDARD = gnu11;
				GCC_NO_COMMON_BLOCKS = YES;
				GCC_WARN_64_TO_32_BIT_CONVERSION = YES;
				GCC_WARN_ABOUT_RETURN_TYPE = YES_ERROR;
				GCC_WARN_UNDECLARED_SELECTOR = YES;
				GCC_WARN_UNINITIALIZED_AUTOS = YES_AGGRESSIVE;
				GCC_WARN_UNUSED_FUNCTION = YES;
				GCC_WARN_UNUSED_VARIABLE = YES;
				IPHONEOS_DEPLOYMENT_TARGET = 11.2;
				MTL_ENABLE_DEBUG_INFO = NO;
				SDKROOT = iphoneos;
				SWIFT_OPTIMIZATION_LEVEL = "-Owholemodule";
				VALIDATE_PRODUCT = YES;
			};
			name = Release;
		};
		C4B7ADE8203E25DA00EF667C /* Debug */ = {
			isa = XCBuildConfiguration;
			buildSettings = {
				ASSETCATALOG_COMPILER_APPICON_NAME = AppIcon;
				CODE_SIGN_STYLE = Automatic;
				DEVELOPMENT_TEAM = PXXB58294G;
				INFOPLIST_FILE = PhotoPhabulous/Info.plist;
				LD_RUNPATH_SEARCH_PATHS = "$(inherited) @executable_path/Frameworks";
				PRODUCT_BUNDLE_IDENTIFIER = Jerry.PhotoPhabulous;
				PRODUCT_NAME = "$(TARGET_NAME)";
				SWIFT_VERSION = 4.0;
				TARGETED_DEVICE_FAMILY = "1,2";
			};
			name = Debug;
		};
		C4B7ADE9203E25DA00EF667C /* Release */ = {
			isa = XCBuildConfiguration;
			buildSettings = {
				ASSETCATALOG_COMPILER_APPICON_NAME = AppIcon;
				CODE_SIGN_STYLE = Automatic;
				DEVELOPMENT_TEAM = PXXB58294G;
				INFOPLIST_FILE = PhotoPhabulous/Info.plist;
				LD_RUNPATH_SEARCH_PATHS = "$(inherited) @executable_path/Frameworks";
				PRODUCT_BUNDLE_IDENTIFIER = Jerry.PhotoPhabulous;
				PRODUCT_NAME = "$(TARGET_NAME)";
				SWIFT_VERSION = 4.0;
				TARGETED_DEVICE_FAMILY = "1,2";
			};
			name = Release;
		};
/* End XCBuildConfiguration section */

/* Begin XCConfigurationList section */
		C4B7ADD0203E25D900EF667C /* Build configuration list for PBXProject "PhotoPhabulous" */ = {
			isa = XCConfigurationList;
			buildConfigurations = (
				C4B7ADE5203E25DA00EF667C /* Debug */,
				C4B7ADE6203E25DA00EF667C /* Release */,
			);
			defaultConfigurationIsVisible = 0;
			defaultConfigurationName = Release;
		};
		C4B7ADE7203E25DA00EF667C /* Build configuration list for PBXNativeTarget "PhotoPhabulous" */ = {
			isa = XCConfigurationList;
			buildConfigurations = (
				C4B7ADE8203E25DA00EF667C /* Debug */,
				C4B7ADE9203E25DA00EF667C /* Release */,
			);
			defaultConfigurationIsVisible = 0;
			defaultConfigurationName = Release;
		};
/* End XCConfigurationList section */
	};
	rootObject = C4B7ADCD203E25D900EF667C /* Project object */;
}
